
Microsoft Visual Studio Solution File, Format Version 12.00
# Visual Studio Version 17
VisualStudioVersion = 17.9.34728.123
MinimumVisualStudioVersion = 10.0.40219.1
Project("{FAE04EC0-301F-11D3-BF4B-00C04F79EFBC}") = "LiteThinkingAugust", "LiteThinkingAugust\LiteThinkingAugust.csproj", "{5843AA83-4563-4A50-BD33-C52DE8F17400}"
EndProject
Project("{FAE04EC0-301F-11D3-BF4B-00C04F79EFBC}") = "Application", "Application\Application.csproj", "{E6770B8E-4D6F-4300-B0A4-52A1CB46C8E3}"
EndProject
Project("{FAE04EC0-301F-11D3-BF4B-00C04F79EFBC}") = "Domain", "Domain\Domain.csproj", "{876CAB3C-13A6-47DD-B9D9-680F282742CA}"
EndProject
Project("{FAE04EC0-301F-11D3-BF4B-00C04F79EFBC}") = "Infrastructure", "Infrastructure\Infrastructure.csproj", "{990031A4-6B3E-4304-A1F7-11E43CA3E7C2}"
EndProject
Project("{FAE04EC0-301F-11D3-BF4B-00C04F79EFBC}") = "Shared", "Shared\Shared.csproj", "{7AE31EA4-56B8-4052-8A8A-78F24CBB9C41}"
EndProject
Global
	GlobalSection(SolutionConfigurationPlatforms) = preSolution
		Debug|Any CPU = Debug|Any CPU
		Release|Any CPU = Release|Any CPU
	EndGlobalSection
	GlobalSection(ProjectConfigurationPlatforms) = postSolution
		{5843AA83-4563-4A50-BD33-C52DE8F17400}.Debug|Any CPU.ActiveCfg = Debug|Any CPU
		{5843AA83-4563-4A50-BD33-C52DE8F17400}.Debug|Any CPU.Build.0 = Debug|Any CPU
		{5843AA83-4563-4A50-BD33-C52DE8F17400}.Release|Any CPU.ActiveCfg = Release|Any CPU
		{5843AA83-4563-4A50-BD33-C52DE8F17400}.Release|Any CPU.Build.0 = Release|Any CPU
		{E6770B8E-4D6F-4300-B0A4-52A1CB46C8E3}.Debug|Any CPU.ActiveCfg = Debug|Any CPU
		{E6770B8E-4D6F-4300-B0A4-52A1CB46C8E3}.Debug|Any CPU.Build.0 = Debug|Any CPU
		{E6770B8E-4D6F-4300-B0A4-52A1CB46C8E3}.Release|Any CPU.ActiveCfg = Release|Any CPU
		{E6770B8E-4D6F-4300-B0A4-52A1CB46C8E3}.Release|Any CPU.Build.0 = Release|Any CPU
		{876CAB3C-13A6-47DD-B9D9-680F282742CA}.Debug|Any CPU.ActiveCfg = Debug|Any CPU
		{876CAB3C-13A6-47DD-B9D9-680F282742CA}.Debug|Any CPU.Build.0 = Debug|Any CPU
		{876CAB3C-13A6-47DD-B9D9-680F282742CA}.Release|Any CPU.ActiveCfg = Release|Any CPU
		{876CAB3C-13A6-47DD-B9D9-680F282742CA}.Release|Any CPU.Build.0 = Release|Any CPU
		{990031A4-6B3E-4304-A1F7-11E43CA3E7C2}.Debug|Any CPU.ActiveCfg = Debug|Any CPU
		{990031A4-6B3E-4304-A1F7-11E43CA3E7C2}.Debug|Any CPU.Build.0 = Debug|Any CPU
		{990031A4-6B3E-4304-A1F7-11E43CA3E7C2}.Release|Any CPU.ActiveCfg = Release|Any CPU
		{990031A4-6B3E-4304-A1F7-11E43CA3E7C2}.Release|Any CPU.Build.0 = Release|Any CPU
		{7AE31EA4-56B8-4052-8A8A-78F24CBB9C41}.Debug|Any CPU.ActiveCfg = Debug|Any CPU
		{7AE31EA4-56B8-4052-8A8A-78F24CBB9C41}.Debug|Any CPU.Build.0 = Debug|Any CPU
		{7AE31EA4-56B8-4052-8A8A-78F24CBB9C41}.Release|Any CPU.ActiveCfg = Release|Any CPU
		{7AE31EA4-56B8-4052-8A8A-78F24CBB9C41}.Release|Any CPU.Build.0 = Release|Any CPU
	EndGlobalSection
	GlobalSection(SolutionProperties) = preSolution
		HideSolutionNode = FALSE
	EndGlobalSection
	GlobalSection(ExtensibilityGlobals) = postSolution
		SolutionGuid = {1123DB33-AF63-452C-BE7C-C0F4A00174A5}
	EndGlobalSection
EndGlobal
